
Microsoft Visual Studio Solution File, Format Version 12.00
# Visual Studio Version 17
VisualStudioVersion = 17.5.33627.172
MinimumVisualStudioVersion = 10.0.40219.1
Project("{FAE04EC0-301F-11D3-BF4B-00C04F79EFBC}") = "Abc201124", "Abc201124\Abc201124.csproj", "{F223E717-F780-4645-97F4-920DF333B5BF}"
EndProject
Global
	GlobalSection(SolutionConfigurationPlatforms) = preSolution
		Debug|Any CPU = Debug|Any CPU
		Release|Any CPU = Release|Any CPU
	EndGlobalSection
	GlobalSection(ProjectConfigurationPlatforms) = postSolution
		{F223E717-F780-4645-97F4-920DF333B5BF}.Debug|Any CPU.ActiveCfg = Debug|Any CPU
		{F223E717-F780-4645-97F4-920DF333B5BF}.Debug|Any CPU.Build.0 = Debug|Any CPU
		{F223E717-F780-4645-97F4-920DF333B5BF}.Release|Any CPU.ActiveCfg = Release|Any CPU
		{F223E717-F780-4645-97F4-920DF333B5BF}.Release|Any CPU.Build.0 = Release|Any CPU
	EndGlobalSection
	GlobalSection(SolutionProperties) = preSolution
		HideSolutionNode = FALSE
	EndGlobalSection
	GlobalSection(ExtensibilityGlobals) = postSolution
		SolutionGuid = {9EF52526-DD6B-4BFD-9B99-0591DD18C675}
	EndGlobalSection
EndGlobal
